
Microsoft Visual Studio Solution File, Format Version 12.00
# Visual Studio 15
VisualStudioVersion = 15.0.28307.271
MinimumVisualStudioVersion = 10.0.40219.1
Project("{FAE04EC0-301F-11D3-BF4B-00C04F79EFBC}") = "Restaurant Bill Calculator", "Restaurant Bill Calculator.csproj", "{BB7DC6D2-B065-485B-831B-8436818BDE05}"
EndProject
Project("{FAE04EC0-301F-11D3-BF4B-00C04F79EFBC}") = "ChildLibrary", "ChildLibrary\ChildLibrary.csproj", "{02522ABF-8CE5-4995-AC33-D3F3B490A79E}"
EndProject
Project("{FAE04EC0-301F-11D3-BF4B-00C04F79EFBC}") = "AppMainWindow", "AppMainWindow\AppMainWindow.csproj", "{1ADC36DB-CAEB-42DA-A9E3-D0CA570DC682}"
EndProject
Global
	GlobalSection(SolutionConfigurationPlatforms) = preSolution
		Debug|Any CPU = Debug|Any CPU
		Release|Any CPU = Release|Any CPU
	EndGlobalSection
	GlobalSection(ProjectConfigurationPlatforms) = postSolution
		{BB7DC6D2-B065-485B-831B-8436818BDE05}.Debug|Any CPU.ActiveCfg = Debug|Any CPU
		{BB7DC6D2-B065-485B-831B-8436818BDE05}.Debug|Any CPU.Build.0 = Debug|Any CPU
		{BB7DC6D2-B065-485B-831B-8436818BDE05}.Release|Any CPU.ActiveCfg = Release|Any CPU
		{BB7DC6D2-B065-485B-831B-8436818BDE05}.Release|Any CPU.Build.0 = Release|Any CPU
		{02522ABF-8CE5-4995-AC33-D3F3B490A79E}.Debug|Any CPU.ActiveCfg = Debug|Any CPU
		{02522ABF-8CE5-4995-AC33-D3F3B490A79E}.Debug|Any CPU.Build.0 = Debug|Any CPU
		{02522ABF-8CE5-4995-AC33-D3F3B490A79E}.Release|Any CPU.ActiveCfg = Release|Any CPU
		{02522ABF-8CE5-4995-AC33-D3F3B490A79E}.Release|Any CPU.Build.0 = Release|Any CPU
		{1ADC36DB-CAEB-42DA-A9E3-D0CA570DC682}.Debug|Any CPU.ActiveCfg = Debug|Any CPU
		{1ADC36DB-CAEB-42DA-A9E3-D0CA570DC682}.Debug|Any CPU.Build.0 = Debug|Any CPU
		{1ADC36DB-CAEB-42DA-A9E3-D0CA570DC682}.Release|Any CPU.ActiveCfg = Release|Any CPU
		{1ADC36DB-CAEB-42DA-A9E3-D0CA570DC682}.Release|Any CPU.Build.0 = Release|Any CPU
	EndGlobalSection
	GlobalSection(SolutionProperties) = preSolution
		HideSolutionNode = FALSE
	EndGlobalSection
	GlobalSection(ExtensibilityGlobals) = postSolution
		SolutionGuid = {8C219E77-30DA-4A7A-8741-B702D5A584DF}
	EndGlobalSection
EndGlobal
